
Microsoft Visual Studio Solution File, Format Version 12.00
# Visual Studio Version 16
VisualStudioVersion = 16.0.30611.23
MinimumVisualStudioVersion = 10.0.40219.1
Project("{FAE04EC0-301F-11D3-BF4B-00C04F79EFBC}") = "TextQuest", "TextQuest\TextQuest.csproj", "{89A83480-C7AD-4C0F-B64A-739832B956D8}"
EndProject
Global
	GlobalSection(SolutionConfigurationPlatforms) = preSolution
		Debug|Any CPU = Debug|Any CPU
		Release|Any CPU = Release|Any CPU
	EndGlobalSection
	GlobalSection(ProjectConfigurationPlatforms) = postSolution
		{89A83480-C7AD-4C0F-B64A-739832B956D8}.Debug|Any CPU.ActiveCfg = Debug|Any CPU
		{89A83480-C7AD-4C0F-B64A-739832B956D8}.Debug|Any CPU.Build.0 = Debug|Any CPU
		{89A83480-C7AD-4C0F-B64A-739832B956D8}.Release|Any CPU.ActiveCfg = Release|Any CPU
		{89A83480-C7AD-4C0F-B64A-739832B956D8}.Release|Any CPU.Build.0 = Release|Any CPU
	EndGlobalSection
	GlobalSection(SolutionProperties) = preSolution
		HideSolutionNode = FALSE
	EndGlobalSection
	GlobalSection(ExtensibilityGlobals) = postSolution
		SolutionGuid = {FEE5FDCB-187E-441F-80D5-D5037557F79F}
	EndGlobalSection
EndGlobal
